// !$*UTF8*$!
{
	archiveVersion = 1;
	classes = {
	};
	objectVersion = 46;
	objects = {

/* Begin PBXBuildFile section */
		5075BD3F1B21EE530099A3AF /* AppDelegate.swift in Sources */ = {isa = PBXBuildFile; fileRef = 5075BD3E1B21EE530099A3AF /* AppDelegate.swift */; };
		5075BD411B21EE530099A3AF /* ViewController.swift in Sources */ = {isa = PBXBuildFile; fileRef = 5075BD401B21EE530099A3AF /* ViewController.swift */; };
		5075BD441B21EE530099A3AF /* Main.storyboard in Resources */ = {isa = PBXBuildFile; fileRef = 5075BD421B21EE530099A3AF /* Main.storyboard */; };
		5075BD461B21EE530099A3AF /* Images.xcassets in Resources */ = {isa = PBXBuildFile; fileRef = 5075BD451B21EE530099A3AF /* Images.xcassets */; };
		5075BD491B21EE530099A3AF /* LaunchScreen.xib in Resources */ = {isa = PBXBuildFile; fileRef = 5075BD471B21EE530099A3AF /* LaunchScreen.xib */; };
		5075BD551B21EE540099A3AF /* MyLocationTests.swift in Sources */ = {isa = PBXBuildFile; fileRef = 5075BD541B21EE540099A3AF /* MyLocationTests.swift */; };
		5075BD5F1B21EE900099A3AF /* MapKit.framework in Frameworks */ = {isa = PBXBuildFile; fileRef = 5075BD5E1B21EE900099A3AF /* MapKit.framework */; };
		5075BD611B21F3B50099A3AF /* LocationManager.swift in Sources */ = {isa = PBXBuildFile; fileRef = 5075BD601B21F3B50099A3AF /* LocationManager.swift */; };
		5075BD631B21F4210099A3AF /* README.rd in Resources */ = {isa = PBXBuildFile; fileRef = 5075BD621B21F4210099A3AF /* README.rd */; };
/* End PBXBuildFile section */

/* Begin PBXContainerItemProxy section */
		5075BD4F1B21EE530099A3AF /* PBXContainerItemProxy */ = {
			isa = PBXContainerItemProxy;
			containerPortal = 5075BD311B21EE530099A3AF /* Project object */;
			proxyType = 1;
			remoteGlobalIDString = 5075BD381B21EE530099A3AF;
			remoteInfo = MyLocation;
		};
/* End PBXContainerItemProxy section */

/* Begin PBXFileReference section */
		5075BD391B21EE530099A3AF /* MyLocation.app */ = {isa = PBXFileReference; explicitFileType = wrapper.application; includeInIndex = 0; path = MyLocation.app; sourceTree = BUILT_PRODUCTS_DIR; };
		5075BD3D1B21EE530099A3AF /* Info.plist */ = {isa = PBXFileReference; lastKnownFileType = text.plist.xml; path = Info.plist; sourceTree = "<group>"; };
		5075BD3E1B21EE530099A3AF /* AppDelegate.swift */ = {isa = PBXFileReference; lastKnownFileType = sourcecode.swift; path = AppDelegate.swift; sourceTree = "<group>"; };
		5075BD401B21EE530099A3AF /* ViewController.swift */ = {isa = PBXFileReference; lastKnownFileType = sourcecode.swift; path = ViewController.swift; sourceTree = "<group>"; };
		5075BD431B21EE530099A3AF /* Base */ = {isa = PBXFileReference; lastKnownFileType = file.storyboard; name = Base; path = Base.lproj/Main.storyboard; sourceTree = "<group>"; };
		5075BD451B21EE530099A3AF /* Images.xcassets */ = {isa = PBXFileReference; lastKnownFileType = folder.assetcatalog; path = Images.xcassets; sourceTree = "<group>"; };
		5075BD481B21EE530099A3AF /* Base */ = {isa = PBXFileReference; lastKnownFileType = file.xib; name = Base; path = Base.lproj/LaunchScreen.xib; sourceTree = "<group>"; };
		5075BD4E1B21EE530099A3AF /* MyLocationTests.xctest */ = {isa = PBXFileReference; explicitFileType = wrapper.cfbundle; includeInIndex = 0; path = MyLocationTests.xctest; sourceTree = BUILT_PRODUCTS_DIR; };
		5075BD531B21EE530099A3AF /* Info.plist */ = {isa = PBXFileReference; lastKnownFileType = text.plist.xml; path = Info.plist; sourceTree = "<group>"; };
		5075BD541B21EE540099A3AF /* MyLocationTests.swift */ = {isa = PBXFileReference; lastKnownFileType = sourcecode.swift; path = MyLocationTests.swift; sourceTree = "<group>"; };
		5075BD5E1B21EE900099A3AF /* MapKit.framework */ = {isa = PBXFileReference; lastKnownFileType = wrapper.framework; name = MapKit.framework; path = System/Library/Frameworks/MapKit.framework; sourceTree = SDKROOT; };
		5075BD601B21F3B50099A3AF /* LocationManager.swift */ = {isa = PBXFileReference; fileEncoding = 4; lastKnownFileType = sourcecode.swift; path = LocationManager.swift; sourceTree = "<group>"; };
		5075BD621B21F4210099A3AF /* README.rd */ = {isa = PBXFileReference; fileEncoding = 4; lastKnownFileType = text; path = README.rd; sourceTree = "<group>"; };
/* End PBXFileReference section */

/* Begin PBXFrameworksBuildPhase section */
		5075BD361B21EE530099A3AF /* Frameworks */ = {
			isa = PBXFrameworksBuildPhase;
			buildActionMask = 2147483647;
			files = (
				5075BD5F1B21EE900099A3AF /* MapKit.framework in Frameworks */,
			);
			runOnlyForDeploymentPostprocessing = 0;
		};
		5075BD4B1B21EE530099A3AF /* Frameworks */ = {
			isa = PBXFrameworksBuildPhase;
			buildActionMask = 2147483647;
			files = (
			);
			runOnlyForDeploymentPostprocessing = 0;
		};
/* End PBXFrameworksBuildPhase section */

/* Begin PBXGroup section */
		5075BD301B21EE530099A3AF = {
			isa = PBXGroup;
			children = (
				5075BD3B1B21EE530099A3AF /* MyLocation */,
				5075BD511B21EE530099A3AF /* MyLocationTests */,
				5075BD3A1B21EE530099A3AF /* Products */,
			);
			sourceTree = "<group>";
		};
		5075BD3A1B21EE530099A3AF /* Products */ = {
			isa = PBXGroup;
			children = (
				5075BD391B21EE530099A3AF /* MyLocation.app */,
				5075BD4E1B21EE530099A3AF /* MyLocationTests.xctest */,
			);
			name = Products;
			sourceTree = "<group>";
		};
		5075BD3B1B21EE530099A3AF /* MyLocation */ = {
			isa = PBXGroup;
			children = (
				5075BD3E1B21EE530099A3AF /* AppDelegate.swift */,
				5075BD401B21EE530099A3AF /* ViewController.swift */,
				5075BD601B21F3B50099A3AF /* LocationManager.swift */,
				5075BD421B21EE530099A3AF /* Main.storyboard */,
				5075BD451B21EE530099A3AF /* Images.xcassets */,
				5075BD471B21EE530099A3AF /* LaunchScreen.xib */,
				5075BD3C1B21EE530099A3AF /* Supporting Files */,
			);
			path = MyLocation;
			sourceTree = "<group>";
		};
		5075BD3C1B21EE530099A3AF /* Supporting Files */ = {
			isa = PBXGroup;
			children = (
				5075BD3D1B21EE530099A3AF /* Info.plist */,
			);
			name = "Supporting Files";
			sourceTree = "<group>";
		};
		5075BD511B21EE530099A3AF /* MyLocationTests */ = {
			isa = PBXGroup;
			children = (
				5075BD621B21F4210099A3AF /* README.rd */,
				5075BD541B21EE540099A3AF /* MyLocationTests.swift */,
				5075BD521B21EE530099A3AF /* Supporting Files */,
			);
			path = MyLocationTests;
			sourceTree = "<group>";
		};
		5075BD521B21EE530099A3AF /* Supporting Files */ = {
			isa = PBXGroup;
			children = (
				5075BD5E1B21EE900099A3AF /* MapKit.framework */,
				5075BD531B21EE530099A3AF /* Info.plist */,
			);
			name = "Supporting Files";
			sourceTree = "<group>";
		};
/* End PBXGroup section */

/* Begin PBXNativeTarget section */
		5075BD381B21EE530099A3AF /* MyLocation */ = {
			isa = PBXNativeTarget;
			buildConfigurationList = 5075BD581B21EE540099A3AF /* Build configuration list for PBXNativeTarget "MyLocation" */;
			buildPhases = (
				5075BD351B21EE530099A3AF /* Sources */,
				5075BD361B21EE530099A3AF /* Frameworks */,
				5075BD371B21EE530099A3AF /* Resources */,
			);
			buildRules = (
			);
			dependencies = (
			);
			name = MyLocation;
			productName = MyLocation;
			productReference = 5075BD391B21EE530099A3AF /* MyLocation.app */;
			productType = "com.apple.product-type.application";
		};
		5075BD4D1B21EE530099A3AF /* MyLocationTests */ = {
			isa = PBXNativeTarget;
			buildConfigurationList = 5075BD5B1B21EE540099A3AF /* Build configuration list for PBXNativeTarget "MyLocationTests" */;
			buildPhases = (
				5075BD4A1B21EE530099A3AF /* Sources */,
				5075BD4B1B21EE530099A3AF /* Frameworks */,
				5075BD4C1B21EE530099A3AF /* Resources */,
			);
			buildRules = (
			);
			dependencies = (
				5075BD501B21EE530099A3AF /* PBXTargetDependency */,
			);
			name = MyLocationTests;
			productName = MyLocationTests;
			productReference = 5075BD4E1B21EE530099A3AF /* MyLocationTests.xctest */;
			productType = "com.apple.product-type.bundle.unit-test";
		};
/* End PBXNativeTarget section */

/* Begin PBXProject section */
		5075BD311B21EE530099A3AF /* Project object */ = {
			isa = PBXProject;
			attributes = {
				LastUpgradeCheck = 0630;
				ORGANIZATIONNAME = qingjiezhao;
				TargetAttributes = {
					5075BD381B21EE530099A3AF = {
						CreatedOnToolsVersion = 6.3.1;
					};
					5075BD4D1B21EE530099A3AF = {
						CreatedOnToolsVersion = 6.3.1;
						TestTargetID = 5075BD381B21EE530099A3AF;
					};
				};
			};
			buildConfigurationList = 5075BD341B21EE530099A3AF /* Build configuration list for PBXProject "MyLocation" */;
			compatibilityVersion = "Xcode 3.2";
			developmentRegion = English;
			hasScannedForEncodings = 0;
			knownRegions = (
				en,
				Base,
			);
			mainGroup = 5075BD301B21EE530099A3AF;
			productRefGroup = 5075BD3A1B21EE530099A3AF /* Products */;
			projectDirPath = "";
			projectRoot = "";
			targets = (
				5075BD381B21EE530099A3AF /* MyLocation */,
				5075BD4D1B21EE530099A3AF /* MyLocationTests */,
			);
		};
/* End PBXProject section */

/* Begin PBXResourcesBuildPhase section */
		5075BD371B21EE530099A3AF /* Resources */ = {
			isa = PBXResourcesBuildPhase;
			buildActionMask = 2147483647;
			files = (
				5075BD441B21EE530099A3AF /* Main.storyboard in Resources */,
				5075BD491B21EE530099A3AF /* LaunchScreen.xib in Resources */,
				5075BD461B21EE530099A3AF /* Images.xcassets in Resources */,
			);
			runOnlyForDeploymentPostprocessing = 0;
		};
		5075BD4C1B21EE530099A3AF /* Resources */ = {
			isa = PBXResourcesBuildPhase;
			buildActionMask = 2147483647;
			files = (
				5075BD631B21F4210099A3AF /* README.rd in Resources */,
			);
			runOnlyForDeploymentPostprocessing = 0;
		};
/* End PBXResourcesBuildPhase section */

/* Begin PBXSourcesBuildPhase section */
		5075BD351B21EE530099A3AF /* Sources */ = {
			isa = PBXSourcesBuildPhase;
			buildActionMask = 2147483647;
			files = (
				5075BD411B21EE530099A3AF /* ViewController.swift in Sources */,
				5075BD3F1B21EE530099A3AF /* AppDelegate.swift in Sources */,
				5075BD611B21F3B50099A3AF /* LocationManager.swift in Sources */,
			);
			runOnlyForDeploymentPostprocessing = 0;
		};
		5075BD4A1B21EE530099A3AF /* Sources */ = {
			isa = PBXSourcesBuildPhase;
			buildActionMask = 2147483647;
			files = (
				5075BD551B21EE540099A3AF /* MyLocationTests.swift in Sources */,
			);
			runOnlyForDeploymentPostprocessing = 0;
		};
/* End PBXSourcesBuildPhase section */

/* Begin PBXTargetDependency section */
		5075BD501B21EE530099A3AF /* PBXTargetDependency */ = {
			isa = PBXTargetDependency;
			target = 5075BD381B21EE530099A3AF /* MyLocation */;
			targetProxy = 5075BD4F1B21EE530099A3AF /* PBXContainerItemProxy */;
		};
/* End PBXTargetDependency section */

/* Begin PBXVariantGroup section */
		5075BD421B21EE530099A3AF /* Main.storyboard */ = {
			isa = PBXVariantGroup;
			children = (
				5075BD431B21EE530099A3AF /* Base */,
			);
			name = Main.storyboard;
			sourceTree = "<group>";
		};
		5075BD471B21EE530099A3AF /* LaunchScreen.xib */ = {
			isa = PBXVariantGroup;
			children = (
				5075BD481B21EE530099A3AF /* Base */,
			);
			name = LaunchScreen.xib;
			sourceTree = "<group>";
		};
/* End PBXVariantGroup section */

/* Begin XCBuildConfiguration section */
		5075BD561B21EE540099A3AF /* Debug */ = {
			isa = XCBuildConfiguration;
			buildSettings = {
				ALWAYS_SEARCH_USER_PATHS = NO;
				CLANG_CXX_LANGUAGE_STANDARD = "gnu++0x";
				CLANG_CXX_LIBRARY = "libc++";
				CLANG_ENABLE_MODULES = YES;
				CLANG_ENABLE_OBJC_ARC = YES;
				CLANG_WARN_BOOL_CONVERSION = YES;
				CLANG_WARN_CONSTANT_CONVERSION = YES;
				CLANG_WARN_DIRECT_OBJC_ISA_USAGE = YES_ERROR;
				CLANG_WARN_EMPTY_BODY = YES;
				CLANG_WARN_ENUM_CONVERSION = YES;
				CLANG_WARN_INT_CONVERSION = YES;
				CLANG_WARN_OBJC_ROOT_CLASS = YES_ERROR;
				CLANG_WARN_UNREACHABLE_CODE = YES;
				CLANG_WARN__DUPLICATE_METHOD_MATCH = YES;
				"CODE_SIGN_IDENTITY[sdk=iphoneos*]" = "iPhone Developer";
				COPY_PHASE_STRIP = NO;
				DEBUG_INFORMATION_FORMAT = "dwarf-with-dsym";
				ENABLE_STRICT_OBJC_MSGSEND = YES;
				GCC_C_LANGUAGE_STANDARD = gnu99;
				GCC_DYNAMIC_NO_PIC = NO;
				GCC_NO_COMMON_BLOCKS = YES;
				GCC_OPTIMIZATION_LEVEL = 0;
				GCC_PREPROCESSOR_DEFINITIONS = (
					"DEBUG=1",
					"$(inherited)",
				);
				GCC_SYMBOLS_PRIVATE_EXTERN = NO;
				GCC_WARN_64_TO_32_BIT_CONVERSION = YES;
				GCC_WARN_ABOUT_RETURN_TYPE = YES_ERROR;
				GCC_WARN_UNDECLARED_SELECTOR = YES;
				GCC_WARN_UNINITIALIZED_AUTOS = YES_AGGRESSIVE;
				GCC_WARN_UNUSED_FUNCTION = YES;
				GCC_WARN_UNUSED_VARIABLE = YES;
				IPHONEOS_DEPLOYMENT_TARGET = 8.3;
				MTL_ENABLE_DEBUG_INFO = YES;
				ONLY_ACTIVE_ARCH = YES;
				SDKROOT = iphoneos;
				SWIFT_OPTIMIZATION_LEVEL = "-Onone";
			};
			name = Debug;
		};
		5075BD571B21EE540099A3AF /* Release */ = {
			isa = XCBuildConfiguration;
			buildSettings = {
				ALWAYS_SEARCH_USER_PATHS = NO;
				CLANG_CXX_LANGUAGE_STANDARD = "gnu++0x";
				CLANG_CXX_LIBRARY = "libc++";
				CLANG_ENABLE_MODULES = YES;
				CLANG_ENABLE_OBJC_ARC = YES;
				CLANG_WARN_BOOL_CONVERSION = YES;
				CLANG_WARN_CONSTANT_CONVERSION = YES;
				CLANG_WARN_DIRECT_OBJC_ISA_USAGE = YES_ERROR;
				CLANG_WARN_EMPTY_BODY = YES;
				CLANG_WARN_ENUM_CONVERSION = YES;
				CLANG_WARN_INT_CONVERSION = YES;
				CLANG_WARN_OBJC_ROOT_CLASS = YES_ERROR;
				CLANG_WARN_UNREACHABLE_CODE = YES;
				CLANG_WARN__DUPLICATE_METHOD_MATCH = YES;
				"CODE_SIGN_IDENTITY[sdk=iphoneos*]" = "iPhone Developer";
				COPY_PHASE_STRIP = NO;
				DEBUG_INFORMATION_FORMAT = "dwarf-with-dsym";
				ENABLE_NS_ASSERTIONS = NO;
				ENABLE_STRICT_OBJC_MSGSEND = YES;
				GCC_C_LANGUAGE_STANDARD = gnu99;
				GCC_NO_COMMON_BLOCKS = YES;
				GCC_WARN_64_TO_32_BIT_CONVERSION = YES;
				GCC_WARN_ABOUT_RETURN_TYPE = YES_ERROR;
				GCC_WARN_UNDECLARED_SELECTOR = YES;
				GCC_WARN_UNINITIALIZED_AUTOS = YES_AGGRESSIVE;
				GCC_WARN_UNUSED_FUNCTION = YES;
				GCC_WARN_UNUSED_VARIABLE = YES;
				IPHONEOS_DEPLOYMENT_TARGET = 8.3;
				MTL_ENABLE_DEBUG_INFO = NO;
				SDKROOT = iphoneos;
				VALIDATE_PRODUCT = YES;
			};
			name = Release;
		};
		5075BD591B21EE540099A3AF /* Debug */ = {
			isa = XCBuildConfiguration;
			buildSettings = {
				ASSETCATALOG_COMPILER_APPICON_NAME = AppIcon;
				INFOPLIST_FILE = MyLocation/Info.plist;
				LD_RUNPATH_SEARCH_PATHS = "$(inherited) @executable_path/Frameworks";
				PRODUCT_NAME = "$(TARGET_NAME)";
			};
			name = Debug;
		};
		5075BD5A1B21EE540099A3AF /* Release */ = {
			isa = XCBuildConfiguration;
			buildSettings = {
				ASSETCATALOG_COMPILER_APPICON_NAME = AppIcon;
				INFOPLIST_FILE = MyLocation/Info.plist;
				LD_RUNPATH_SEARCH_PATHS = "$(inherited) @executable_path/Frameworks";
				PRODUCT_NAME = "$(TARGET_NAME)";
			};
			name = Release;
		};
		5075BD5C1B21EE540099A3AF /* Debug */ = {
			isa = XCBuildConfiguration;
			buildSettings = {
				BUNDLE_LOADER = "$(TEST_HOST)";
				FRAMEWORK_SEARCH_PATHS = (
					"$(SDKROOT)/Developer/Library/Frameworks",
					"$(inherited)",
				);
				GCC_PREPROCESSOR_DEFINITIONS = (
					"DEBUG=1",
					"$(inherited)",
				);
				INFOPLIST_FILE = MyLocationTests/Info.plist;
				LD_RUNPATH_SEARCH_PATHS = "$(inherited) @executable_path/Frameworks @loader_path/Frameworks";
				PRODUCT_NAME = "$(TARGET_NAME)";
				TEST_HOST = "$(BUILT_PRODUCTS_DIR)/MyLocation.app/MyLocation";
			};
			name = Debug;
		};
		5075BD5D1B21EE540099A3AF /* Release */ = {
			isa = XCBuildConfiguration;
			buildSettings = {
				BUNDLE_LOADER = "$(TEST_HOST)";
				FRAMEWORK_SEARCH_PATHS = (
					"$(SDKROOT)/Developer/Library/Frameworks",
					"$(inherited)",
				);
				INFOPLIST_FILE = MyLocationTests/Info.plist;
				LD_RUNPATH_SEARCH_PATHS = "$(inherited) @executable_path/Frameworks @loader_path/Frameworks";
				PRODUCT_NAME = "$(TARGET_NAME)";
				TEST_HOST = "$(BUILT_PRODUCTS_DIR)/MyLocation.app/MyLocation";
			};
			name = Release;
		};
/* End XCBuildConfiguration section */

/* Begin XCConfigurationList section */
		5075BD341B21EE530099A3AF /* Build configuration list for PBXProject "MyLocation" */ = {
			isa = XCConfigurationList;
			buildConfigurations = (
				5075BD561B21EE540099A3AF /* Debug */,
				5075BD571B21EE540099A3AF /* Release */,
			);
			defaultConfigurationIsVisible = 0;
			defaultConfigurationName = Release;
		};
		5075BD581B21EE540099A3AF /* Build configuration list for PBXNativeTarget "MyLocation" */ = {
			isa = XCConfigurationList;
			buildConfigurations = (
				5075BD591B21EE540099A3AF /* Debug */,
				5075BD5A1B21EE540099A3AF /* Release */,
			);
			defaultConfigurationIsVisible = 0;
		};
		5075BD5B1B21EE540099A3AF /* Build configuration list for PBXNativeTarget "MyLocationTests" */ = {
			isa = XCConfigurationList;
			buildConfigurations = (
				5075BD5C1B21EE540099A3AF /* Debug */,
				5075BD5D1B21EE540099A3AF /* Release */,
			);
			defaultConfigurationIsVisible = 0;
		};
/* End XCConfigurationList section */
	};
	rootObject = 5075BD311B21EE530099A3AF /* Project object */;
}
